// !$*UTF8*$!
{
	archiveVersion = 1;
	classes = {
	};
	objectVersion = 46;
	objects = {

/* Begin PBXBuildFile section */
		7F0093531A5C9B1A00FA34F4 /* clack48.wav in Resources */ = {isa = PBXBuildFile; fileRef = 7F0093511A5C9B1A00FA34F4 /* clack48.wav */; };
		7F0093541A5C9B1A00FA34F4 /* click48.wav in Resources */ = {isa = PBXBuildFile; fileRef = 7F0093521A5C9B1A00FA34F4 /* click48.wav */; };
		7F0E9E261A61D0B600CDE9C2 /* key.xcassets in Resources */ = {isa = PBXBuildFile; fileRef = 7F0E9E251A61D0B600CDE9C2 /* key.xcassets */; };
		7F0E9E281A61D0E300CDE9C2 /* key1.png in Resources */ = {isa = PBXBuildFile; fileRef = 7F0E9E271A61D0E300CDE9C2 /* key1.png */; };
		7F0E9E2A1A61D16900CDE9C2 /* kob.png in Resources */ = {isa = PBXBuildFile; fileRef = 7F0E9E291A61D16900CDE9C2 /* kob.png */; };
		7F0E9E2C1A61D19900CDE9C2 /* kob1.png in Resources */ = {isa = PBXBuildFile; fileRef = 7F0E9E2B1A61D19900CDE9C2 /* kob1.png */; };
		7F0E9E2E1A61D1A700CDE9C2 /* kob.xcassets in Resources */ = {isa = PBXBuildFile; fileRef = 7F0E9E2D1A61D1A700CDE9C2 /* kob.xcassets */; };
		7F162FAA1A5B0E4600945D4C /* cwprotocol.c in Sources */ = {isa = PBXBuildFile; fileRef = 7F162FA91A5B0E4600945D4C /* cwprotocol.c */; };
		7F1E35321A5AE782008D519D /* main.m in Sources */ = {isa = PBXBuildFile; fileRef = 7F1E35311A5AE782008D519D /* main.m */; };
		7F1E35351A5AE782008D519D /* AppDelegate.m in Sources */ = {isa = PBXBuildFile; fileRef = 7F1E35341A5AE782008D519D /* AppDelegate.m */; };
		7F1E35381A5AE782008D519D /* Morse.xcdatamodeld in Sources */ = {isa = PBXBuildFile; fileRef = 7F1E35361A5AE782008D519D /* Morse.xcdatamodeld */; };
		7F1E353E1A5AE782008D519D /* Main.storyboard in Resources */ = {isa = PBXBuildFile; fileRef = 7F1E353C1A5AE782008D519D /* Main.storyboard */; };
		7F1E35431A5AE782008D519D /* LaunchScreen.xib in Resources */ = {isa = PBXBuildFile; fileRef = 7F1E35411A5AE782008D519D /* LaunchScreen.xib */; };
		7F1E354F1A5AE782008D519D /* MorseTests.m in Sources */ = {isa = PBXBuildFile; fileRef = 7F1E354E1A5AE782008D519D /* MorseTests.m */; };
		7F2A77571A646CCA005A6813 /* sounder.png in Resources */ = {isa = PBXBuildFile; fileRef = 7F2A77561A646CCA005A6813 /* sounder.png */; };
		7F5C5A921A61F163001B6727 /* kob2.png in Resources */ = {isa = PBXBuildFile; fileRef = 7F5C5A911A61F163001B6727 /* kob2.png */; };
		7F5C5ABF1A62F01C001B6727 /* rad2fft.c in Sources */ = {isa = PBXBuildFile; fileRef = 7F5C5ABC1A62F01C001B6727 /* rad2fft.c */; };
		7F5C5AC01A62F01C001B6727 /* SpectrumAnalysis.cpp in Sources */ = {isa = PBXBuildFile; fileRef = 7F5C5ABE1A62F01C001B6727 /* SpectrumAnalysis.cpp */; };
		7F5C5AC41A62F077001B6727 /* FFTBufferManager.cpp in Sources */ = {isa = PBXBuildFile; fileRef = 7F5C5AC31A62F077001B6727 /* FFTBufferManager.cpp */; };
		7F5C5AD51A62F241001B6727 /* aurio_helper.cpp in Sources */ = {isa = PBXBuildFile; fileRef = 7F5C5AD41A62F241001B6727 /* aurio_helper.cpp */; };
		7F5C5ADF1A62F298001B6727 /* CAStreamBasicDescription.cpp in Sources */ = {isa = PBXBuildFile; fileRef = 7F5C5ADB1A62F298001B6727 /* CAStreamBasicDescription.cpp */; };
		7F5C5AE01A62F298001B6727 /* CAXException.cpp in Sources */ = {isa = PBXBuildFile; fileRef = 7F5C5ADC1A62F298001B6727 /* CAXException.cpp */; };
		7F5C5AE11A62F298001B6727 /* CADebugPrintf.cpp in Sources */ = {isa = PBXBuildFile; fileRef = 7F5C5ADD1A62F298001B6727 /* CADebugPrintf.cpp */; };
		7F5C5AE21A62F298001B6727 /* CADebugMacros.cpp in Sources */ = {isa = PBXBuildFile; fileRef = 7F5C5ADE1A62F298001B6727 /* CADebugMacros.cpp */; };
		7F5C5AE81A62F688001B6727 /* ViewController.m in Sources */ = {isa = PBXBuildFile; fileRef = 7F5C5AE71A62F688001B6727 /* ViewController.m */; };
		7F5C5AEA1A64641D001B6727 /* pole.png in Resources */ = {isa = PBXBuildFile; fileRef = 7F5C5AE91A64641D001B6727 /* pole.png */; };
		7FA557D31A5F227C00240D74 /* key.png in Resources */ = {isa = PBXBuildFile; fileRef = 7FA557D21A5F227C00240D74 /* key.png */; };
		7FC525C61A5B3150005A89CA /* GCDAsyncUdpSocket.m in Sources */ = {isa = PBXBuildFile; fileRef = 7FC525C41A5B3150005A89CA /* GCDAsyncUdpSocket.m */; };
/* End PBXBuildFile section */

/* Begin PBXContainerItemProxy section */
		7F1E35491A5AE782008D519D /* PBXContainerItemProxy */ = {
			isa = PBXContainerItemProxy;
			containerPortal = 7F1E35241A5AE782008D519D /* Project object */;
			proxyType = 1;
			remoteGlobalIDString = 7F1E352B1A5AE782008D519D;
			remoteInfo = Morse;
		};
/* End PBXContainerItemProxy section */

/* Begin PBXFileReference section */
		7F0093511A5C9B1A00FA34F4 /* clack48.wav */ = {isa = PBXFileReference; lastKnownFileType = audio.wav; path = clack48.wav; sourceTree = "<group>"; };
		7F0093521A5C9B1A00FA34F4 /* click48.wav */ = {isa = PBXFileReference; lastKnownFileType = audio.wav; path = click48.wav; sourceTree = "<group>"; };
		7F0E9E251A61D0B600CDE9C2 /* key.xcassets */ = {isa = PBXFileReference; lastKnownFileType = folder.assetcatalog; path = key.xcassets; sourceTree = "<group>"; };
		7F0E9E271A61D0E300CDE9C2 /* key1.png */ = {isa = PBXFileReference; lastKnownFileType = image.png; path = key1.png; sourceTree = "<group>"; };
		7F0E9E291A61D16900CDE9C2 /* kob.png */ = {isa = PBXFileReference; lastKnownFileType = image.png; path = kob.png; sourceTree = "<group>"; };
		7F0E9E2B1A61D19900CDE9C2 /* kob1.png */ = {isa = PBXFileReference; lastKnownFileType = image.png; path = kob1.png; sourceTree = "<group>"; };
		7F0E9E2D1A61D1A700CDE9C2 /* kob.xcassets */ = {isa = PBXFileReference; lastKnownFileType = folder.assetcatalog; path = kob.xcassets; sourceTree = "<group>"; };
		7F162FA81A5B0E2900945D4C /* cwprotocol.h */ = {isa = PBXFileReference; lastKnownFileType = sourcecode.c.h; path = cwprotocol.h; sourceTree = "<group>"; };
		7F162FA91A5B0E4600945D4C /* cwprotocol.c */ = {isa = PBXFileReference; fileEncoding = 4; lastKnownFileType = sourcecode.c.c; path = cwprotocol.c; sourceTree = "<group>"; };
		7F1E352C1A5AE782008D519D /* Morse.app */ = {isa = PBXFileReference; explicitFileType = wrapper.application; includeInIndex = 0; path = Morse.app; sourceTree = BUILT_PRODUCTS_DIR; };
		7F1E35301A5AE782008D519D /* Info.plist */ = {isa = PBXFileReference; lastKnownFileType = text.plist.xml; path = Info.plist; sourceTree = "<group>"; };
		7F1E35311A5AE782008D519D /* main.m */ = {isa = PBXFileReference; lastKnownFileType = sourcecode.c.objc; path = main.m; sourceTree = "<group>"; };
		7F1E35331A5AE782008D519D /* AppDelegate.h */ = {isa = PBXFileReference; lastKnownFileType = sourcecode.c.h; path = AppDelegate.h; sourceTree = "<group>"; };
		7F1E35341A5AE782008D519D /* AppDelegate.m */ = {isa = PBXFileReference; lastKnownFileType = sourcecode.c.objc; path = AppDelegate.m; sourceTree = "<group>"; };
		7F1E35371A5AE782008D519D /* Morse.xcdatamodel */ = {isa = PBXFileReference; lastKnownFileType = wrapper.xcdatamodel; path = Morse.xcdatamodel; sourceTree = "<group>"; };
		7F1E35391A5AE782008D519D /* ViewController.h */ = {isa = PBXFileReference; lastKnownFileType = sourcecode.c.h; path = ViewController.h; sourceTree = "<group>"; };
		7F1E353D1A5AE782008D519D /* Base */ = {isa = PBXFileReference; lastKnownFileType = file.storyboard; name = Base; path = Base.lproj/Main.storyboard; sourceTree = "<group>"; };
		7F1E35421A5AE782008D519D /* Base */ = {isa = PBXFileReference; lastKnownFileType = file.xib; name = Base; path = Base.lproj/LaunchScreen.xib; sourceTree = "<group>"; };
		7F1E35481A5AE782008D519D /* MorseTests.xctest */ = {isa = PBXFileReference; explicitFileType = wrapper.cfbundle; includeInIndex = 0; path = MorseTests.xctest; sourceTree = BUILT_PRODUCTS_DIR; };
		7F1E354D1A5AE782008D519D /* Info.plist */ = {isa = PBXFileReference; lastKnownFileType = text.plist.xml; path = Info.plist; sourceTree = "<group>"; };
		7F1E354E1A5AE782008D519D /* MorseTests.m */ = {isa = PBXFileReference; lastKnownFileType = sourcecode.c.objc; path = MorseTests.m; sourceTree = "<group>"; };
		7F2A77561A646CCA005A6813 /* sounder.png */ = {isa = PBXFileReference; lastKnownFileType = image.png; path = sounder.png; sourceTree = "<group>"; };
		7F5C5A911A61F163001B6727 /* kob2.png */ = {isa = PBXFileReference; lastKnownFileType = image.png; path = kob2.png; sourceTree = "<group>"; };
		7F5C5ABB1A62F01C001B6727 /* rad2fft.h */ = {isa = PBXFileReference; fileEncoding = 4; lastKnownFileType = sourcecode.c.h; path = rad2fft.h; sourceTree = "<group>"; };
		7F5C5ABC1A62F01C001B6727 /* rad2fft.c */ = {isa = PBXFileReference; fileEncoding = 4; lastKnownFileType = sourcecode.c.c; path = rad2fft.c; sourceTree = "<group>"; };
		7F5C5ABD1A62F01C001B6727 /* SpectrumAnalysis.h */ = {isa = PBXFileReference; fileEncoding = 4; lastKnownFileType = sourcecode.c.h; path = SpectrumAnalysis.h; sourceTree = "<group>"; };
		7F5C5ABE1A62F01C001B6727 /* SpectrumAnalysis.cpp */ = {isa = PBXFileReference; fileEncoding = 4; lastKnownFileType = sourcecode.cpp.cpp; path = SpectrumAnalysis.cpp; sourceTree = "<group>"; };
		7F5C5AC21A62F077001B6727 /* FFTBufferManager.h */ = {isa = PBXFileReference; fileEncoding = 4; lastKnownFileType = sourcecode.c.h; path = FFTBufferManager.h; sourceTree = "<group>"; };
		7F5C5AC31A62F077001B6727 /* FFTBufferManager.cpp */ = {isa = PBXFileReference; fileEncoding = 4; lastKnownFileType = sourcecode.cpp.cpp; path = FFTBufferManager.cpp; sourceTree = "<group>"; };
		7F5C5AD31A62F241001B6727 /* aurio_helper.h */ = {isa = PBXFileReference; fileEncoding = 4; lastKnownFileType = sourcecode.c.h; path = aurio_helper.h; sourceTree = "<group>"; };
		7F5C5AD41A62F241001B6727 /* aurio_helper.cpp */ = {isa = PBXFileReference; fileEncoding = 4; lastKnownFileType = sourcecode.cpp.cpp; path = aurio_helper.cpp; sourceTree = "<group>"; };
		7F5C5AD61A62F298001B6727 /* CAMath.h */ = {isa = PBXFileReference; fileEncoding = 4; lastKnownFileType = sourcecode.c.h; path = CAMath.h; sourceTree = "<group>"; };
		7F5C5AD71A62F298001B6727 /* CADebugPrintf.h */ = {isa = PBXFileReference; fileEncoding = 4; lastKnownFileType = sourcecode.c.h; path = CADebugPrintf.h; sourceTree = "<group>"; };
		7F5C5AD81A62F298001B6727 /* CADebugMacros.h */ = {isa = PBXFileReference; fileEncoding = 4; lastKnownFileType = sourcecode.c.h; path = CADebugMacros.h; sourceTree = "<group>"; };
		7F5C5AD91A62F298001B6727 /* CAStreamBasicDescription.h */ = {isa = PBXFileReference; fileEncoding = 4; lastKnownFileType = sourcecode.c.h; path = CAStreamBasicDescription.h; sourceTree = "<group>"; };
		7F5C5ADA1A62F298001B6727 /* CAXException.h */ = {isa = PBXFileReference; fileEncoding = 4; lastKnownFileType = sourcecode.c.h; path = CAXException.h; sourceTree = "<group>"; };
		7F5C5ADB1A62F298001B6727 /* CAStreamBasicDescription.cpp */ = {isa = PBXFileReference; fileEncoding = 4; lastKnownFileType = sourcecode.cpp.cpp; path = CAStreamBasicDescription.cpp; sourceTree = "<group>"; };
		7F5C5ADC1A62F298001B6727 /* CAXException.cpp */ = {isa = PBXFileReference; fileEncoding = 4; lastKnownFileType = sourcecode.cpp.cpp; path = CAXException.cpp; sourceTree = "<group>"; };
		7F5C5ADD1A62F298001B6727 /* CADebugPrintf.cpp */ = {isa = PBXFileReference; fileEncoding = 4; lastKnownFileType = sourcecode.cpp.cpp; path = CADebugPrintf.cpp; sourceTree = "<group>"; };
		7F5C5ADE1A62F298001B6727 /* CADebugMacros.cpp */ = {isa = PBXFileReference; fileEncoding = 4; lastKnownFileType = sourcecode.cpp.cpp; path = CADebugMacros.cpp; sourceTree = "<group>"; };
		7F5C5AE31A62F333001B6727 /* aurioTouch_Prefix.pch */ = {isa = PBXFileReference; lastKnownFileType = sourcecode.c.h; path = aurioTouch_Prefix.pch; sourceTree = "<group>"; };
		7F5C5AE71A62F688001B6727 /* ViewController.m */ = {isa = PBXFileReference; fileEncoding = 4; lastKnownFileType = sourcecode.c.objc; path = ViewController.m; sourceTree = "<group>"; };
		7F5C5AE91A64641D001B6727 /* pole.png */ = {isa = PBXFileReference; lastKnownFileType = image.png; path = pole.png; sourceTree = "<group>"; };
		7FA557D21A5F227C00240D74 /* key.png */ = {isa = PBXFileReference; lastKnownFileType = image.png; path = key.png; sourceTree = "<group>"; };
		7FC525C31A5B3150005A89CA /* GCDAsyncUdpSocket.h */ = {isa = PBXFileReference; fileEncoding = 4; lastKnownFileType = sourcecode.c.h; path = GCDAsyncUdpSocket.h; sourceTree = "<group>"; };
		7FC525C41A5B3150005A89CA /* GCDAsyncUdpSocket.m */ = {isa = PBXFileReference; fileEncoding = 4; lastKnownFileType = sourcecode.c.objc; path = GCDAsyncUdpSocket.m; sourceTree = "<group>"; };
/* End PBXFileReference section */

/* Begin PBXFrameworksBuildPhase section */
		7F1E35291A5AE782008D519D /* Frameworks */ = {
			isa = PBXFrameworksBuildPhase;
			buildActionMask = 2147483647;
			files = (
			);
			runOnlyForDeploymentPostprocessing = 0;
		};
		7F1E35451A5AE782008D519D /* Frameworks */ = {
			isa = PBXFrameworksBuildPhase;
			buildActionMask = 2147483647;
			files = (
			);
			runOnlyForDeploymentPostprocessing = 0;
		};
/* End PBXFrameworksBuildPhase section */

/* Begin PBXGroup section */
		7F1E35231A5AE782008D519D = {
			isa = PBXGroup;
			children = (
				7F5C5AE41A62F586001B6727 /* Classes */,
				7F1E352E1A5AE782008D519D /* Morse */,
				7F1E354B1A5AE782008D519D /* MorseTests */,
				7F1E352D1A5AE782008D519D /* Products */,
			);
			sourceTree = "<group>";
		};
		7F1E352D1A5AE782008D519D /* Products */ = {
			isa = PBXGroup;
			children = (
				7F1E352C1A5AE782008D519D /* Morse.app */,
				7F1E35481A5AE782008D519D /* MorseTests.xctest */,
			);
			name = Products;
			sourceTree = "<group>";
		};
		7F1E352E1A5AE782008D519D /* Morse */ = {
			isa = PBXGroup;
			children = (
				7F1E35331A5AE782008D519D /* AppDelegate.h */,
				7F1E35341A5AE782008D519D /* AppDelegate.m */,
				7F5C5AE71A62F688001B6727 /* ViewController.m */,
				7F1E35391A5AE782008D519D /* ViewController.h */,
				7F1E35361A5AE782008D519D /* Morse.xcdatamodeld */,
				7F1E353C1A5AE782008D519D /* Main.storyboard */,
				7F1E35411A5AE782008D519D /* LaunchScreen.xib */,
				7F5C5ACF1A62F0B5001B6727 /* iPublicUtility */,
				7F5C5AC11A62F020001B6727 /* fft */,
				7F1E352F1A5AE782008D519D /* Supporting Files */,
				7FC525C71A5B3651005A89CA /* Networking */,
				7FC525C81A5B366F005A89CA /* CWCom Protocol */,
			);
			path = Morse;
			sourceTree = "<group>";
		};
		7F1E352F1A5AE782008D519D /* Supporting Files */ = {
			isa = PBXGroup;
			children = (
				7F0E9E251A61D0B600CDE9C2 /* key.xcassets */,
				7FA557D21A5F227C00240D74 /* key.png */,
				7F0E9E2D1A61D1A700CDE9C2 /* kob.xcassets */,
				7F0E9E291A61D16900CDE9C2 /* kob.png */,
				7F0E9E271A61D0E300CDE9C2 /* key1.png */,
				7F5C5A911A61F163001B6727 /* kob2.png */,
				7F0E9E2B1A61D19900CDE9C2 /* kob1.png */,
				7F2A77561A646CCA005A6813 /* sounder.png */,
				7F5C5AE91A64641D001B6727 /* pole.png */,
				7F0093511A5C9B1A00FA34F4 /* clack48.wav */,
				7F0093521A5C9B1A00FA34F4 /* click48.wav */,
				7F1E35301A5AE782008D519D /* Info.plist */,
				7F1E35311A5AE782008D519D /* main.m */,
			);
			name = "Supporting Files";
			sourceTree = "<group>";
		};
		7F1E354B1A5AE782008D519D /* MorseTests */ = {
			isa = PBXGroup;
			children = (
				7F1E354E1A5AE782008D519D /* MorseTests.m */,
				7F1E354C1A5AE782008D519D /* Supporting Files */,
			);
			path = MorseTests;
			sourceTree = "<group>";
		};
		7F1E354C1A5AE782008D519D /* Supporting Files */ = {
			isa = PBXGroup;
			children = (
				7F1E354D1A5AE782008D519D /* Info.plist */,
			);
			name = "Supporting Files";
			sourceTree = "<group>";
		};
		7F5C5AC11A62F020001B6727 /* fft */ = {
			isa = PBXGroup;
			children = (
				7F5C5ABB1A62F01C001B6727 /* rad2fft.h */,
				7F5C5ABC1A62F01C001B6727 /* rad2fft.c */,
				7F5C5ABD1A62F01C001B6727 /* SpectrumAnalysis.h */,
				7F5C5ABE1A62F01C001B6727 /* SpectrumAnalysis.cpp */,
			);
			name = fft;
			sourceTree = "<group>";
		};
		7F5C5ACF1A62F0B5001B6727 /* iPublicUtility */ = {
			isa = PBXGroup;
			children = (
				7F5C5AE31A62F333001B6727 /* aurioTouch_Prefix.pch */,
				7F5C5AD61A62F298001B6727 /* CAMath.h */,
				7F5C5AD71A62F298001B6727 /* CADebugPrintf.h */,
				7F5C5AD81A62F298001B6727 /* CADebugMacros.h */,
				7F5C5AD91A62F298001B6727 /* CAStreamBasicDescription.h */,
				7F5C5ADA1A62F298001B6727 /* CAXException.h */,
				7F5C5ADB1A62F298001B6727 /* CAStreamBasicDescription.cpp */,
				7F5C5ADC1A62F298001B6727 /* CAXException.cpp */,
				7F5C5ADD1A62F298001B6727 /* CADebugPrintf.cpp */,
				7F5C5ADE1A62F298001B6727 /* CADebugMacros.cpp */,
				7F5C5AD31A62F241001B6727 /* aurio_helper.h */,
				7F5C5AD41A62F241001B6727 /* aurio_helper.cpp */,
			);
			name = iPublicUtility;
			sourceTree = "<group>";
		};
		7F5C5AE41A62F586001B6727 /* Classes */ = {
			isa = PBXGroup;
			children = (
				7F5C5AC21A62F077001B6727 /* FFTBufferManager.h */,
				7F5C5AC31A62F077001B6727 /* FFTBufferManager.cpp */,
			);
			name = Classes;
			path = Morse;
			sourceTree = "<group>";
		};
		7FC525C71A5B3651005A89CA /* Networking */ = {
			isa = PBXGroup;
			children = (
				7FC525C31A5B3150005A89CA /* GCDAsyncUdpSocket.h */,
				7FC525C41A5B3150005A89CA /* GCDAsyncUdpSocket.m */,
			);
			name = Networking;
			sourceTree = "<group>";
		};
		7FC525C81A5B366F005A89CA /* CWCom Protocol */ = {
			isa = PBXGroup;
			children = (
				7F162FA81A5B0E2900945D4C /* cwprotocol.h */,
				7F162FA91A5B0E4600945D4C /* cwprotocol.c */,
			);
			name = "CWCom Protocol";
			sourceTree = "<group>";
		};
/* End PBXGroup section */

/* Begin PBXNativeTarget section */
		7F1E352B1A5AE782008D519D /* Morse */ = {
			isa = PBXNativeTarget;
			buildConfigurationList = 7F1E35521A5AE782008D519D /* Build configuration list for PBXNativeTarget "Morse" */;
			buildPhases = (
				7F1E35281A5AE782008D519D /* Sources */,
				7F1E35291A5AE782008D519D /* Frameworks */,
				7F1E352A1A5AE782008D519D /* Resources */,
				7F0E9E2F1A61E0BB00CDE9C2 /* ShellScript */,
			);
			buildRules = (
			);
			dependencies = (
			);
			name = Morse;
			productName = Morse;
			productReference = 7F1E352C1A5AE782008D519D /* Morse.app */;
			productType = "com.apple.product-type.application";
		};
		7F1E35471A5AE782008D519D /* MorseTests */ = {
			isa = PBXNativeTarget;
			buildConfigurationList = 7F1E35551A5AE782008D519D /* Build configuration list for PBXNativeTarget "MorseTests" */;
			buildPhases = (
				7F1E35441A5AE782008D519D /* Sources */,
				7F1E35451A5AE782008D519D /* Frameworks */,
				7F1E35461A5AE782008D519D /* Resources */,
			);
			buildRules = (
			);
			dependencies = (
				7F1E354A1A5AE782008D519D /* PBXTargetDependency */,
			);
			name = MorseTests;
			productName = MorseTests;
			productReference = 7F1E35481A5AE782008D519D /* MorseTests.xctest */;
			productType = "com.apple.product-type.bundle.unit-test";
		};
/* End PBXNativeTarget section */

/* Begin PBXProject section */
		7F1E35241A5AE782008D519D /* Project object */ = {
			isa = PBXProject;
			attributes = {
				LastUpgradeCheck = 0600;
				ORGANIZATIONNAME = "Dr. Gerolf Ziegenhain";
				TargetAttributes = {
					7F1E352B1A5AE782008D519D = {
						CreatedOnToolsVersion = 6.0.1;
						DevelopmentTeam = C28S8EFBAD;
					};
					7F1E35471A5AE782008D519D = {
						CreatedOnToolsVersion = 6.0.1;
						TestTargetID = 7F1E352B1A5AE782008D519D;
					};
				};
			};
			buildConfigurationList = 7F1E35271A5AE782008D519D /* Build configuration list for PBXProject "Morse" */;
			compatibilityVersion = "Xcode 3.2";
			developmentRegion = English;
			hasScannedForEncodings = 0;
			knownRegions = (
				en,
				Base,
			);
			mainGroup = 7F1E35231A5AE782008D519D;
			productRefGroup = 7F1E352D1A5AE782008D519D /* Products */;
			projectDirPath = "";
			projectRoot = "";
			targets = (
				7F1E352B1A5AE782008D519D /* Morse */,
				7F1E35471A5AE782008D519D /* MorseTests */,
			);
		};
/* End PBXProject section */

/* Begin PBXResourcesBuildPhase section */
		7F1E352A1A5AE782008D519D /* Resources */ = {
			isa = PBXResourcesBuildPhase;
			buildActionMask = 2147483647;
			files = (
				7F0E9E2E1A61D1A700CDE9C2 /* kob.xcassets in Resources */,
				7F0E9E2A1A61D16900CDE9C2 /* kob.png in Resources */,
				7F0E9E261A61D0B600CDE9C2 /* key.xcassets in Resources */,
				7F1E353E1A5AE782008D519D /* Main.storyboard in Resources */,
				7F1E35431A5AE782008D519D /* LaunchScreen.xib in Resources */,
				7FA557D31A5F227C00240D74 /* key.png in Resources */,
				7F0E9E2C1A61D19900CDE9C2 /* kob1.png in Resources */,
				7F2A77571A646CCA005A6813 /* sounder.png in Resources */,
				7F0E9E281A61D0E300CDE9C2 /* key1.png in Resources */,
				7F0093531A5C9B1A00FA34F4 /* clack48.wav in Resources */,
				7F0093541A5C9B1A00FA34F4 /* click48.wav in Resources */,
				7F5C5A921A61F163001B6727 /* kob2.png in Resources */,
				7F5C5AEA1A64641D001B6727 /* pole.png in Resources */,
			);
			runOnlyForDeploymentPostprocessing = 0;
		};
		7F1E35461A5AE782008D519D /* Resources */ = {
			isa = PBXResourcesBuildPhase;
			buildActionMask = 2147483647;
			files = (
			);
			runOnlyForDeploymentPostprocessing = 0;
		};
/* End PBXResourcesBuildPhase section */

/* Begin PBXShellScriptBuildPhase section */
		7F0E9E2F1A61E0BB00CDE9C2 /* ShellScript */ = {
			isa = PBXShellScriptBuildPhase;
			buildActionMask = 2147483647;
			files = (
			);
			inputPaths = (
			);
			outputPaths = (
			);
			runOnlyForDeploymentPostprocessing = 0;
			shellPath = /bin/bash;
			shellScript = "#!/bin/bash\nbuildNumber=$(/usr/libexec/PlistBuddy -c \"Print CFBundleVersion\" \"$INFOPLIST_FILE\")\nbuildNumber=$(($buildNumber + 1))\n/usr/libexec/PlistBuddy -c \"Set :CFBundleVersion $buildNumber\" \"$INFOPLIST_FILE\"";
		};
/* End PBXShellScriptBuildPhase section */

/* Begin PBXSourcesBuildPhase section */
		7F1E35281A5AE782008D519D /* Sources */ = {
			isa = PBXSourcesBuildPhase;
			buildActionMask = 2147483647;
			files = (
				7F5C5AE81A62F688001B6727 /* ViewController.m in Sources */,
				7F5C5AE01A62F298001B6727 /* CAXException.cpp in Sources */,
				7F1E35351A5AE782008D519D /* AppDelegate.m in Sources */,
				7F1E35381A5AE782008D519D /* Morse.xcdatamodeld in Sources */,
				7FC525C61A5B3150005A89CA /* GCDAsyncUdpSocket.m in Sources */,
				7F5C5ADF1A62F298001B6727 /* CAStreamBasicDescription.cpp in Sources */,
				7F5C5AD51A62F241001B6727 /* aurio_helper.cpp in Sources */,
				7F5C5AC01A62F01C001B6727 /* SpectrumAnalysis.cpp in Sources */,
				7F5C5AC41A62F077001B6727 /* FFTBufferManager.cpp in Sources */,
				7F162FAA1A5B0E4600945D4C /* cwprotocol.c in Sources */,
				7F5C5AE11A62F298001B6727 /* CADebugPrintf.cpp in Sources */,
				7F5C5ABF1A62F01C001B6727 /* rad2fft.c in Sources */,
				7F5C5AE21A62F298001B6727 /* CADebugMacros.cpp in Sources */,
				7F1E35321A5AE782008D519D /* main.m in Sources */,
			);
			runOnlyForDeploymentPostprocessing = 0;
		};
		7F1E35441A5AE782008D519D /* Sources */ = {
			isa = PBXSourcesBuildPhase;
			buildActionMask = 2147483647;
			files = (
				7F1E354F1A5AE782008D519D /* MorseTests.m in Sources */,
			);
			runOnlyForDeploymentPostprocessing = 0;
		};
/* End PBXSourcesBuildPhase section */

/* Begin PBXTargetDependency section */
		7F1E354A1A5AE782008D519D /* PBXTargetDependency */ = {
			isa = PBXTargetDependency;
			target = 7F1E352B1A5AE782008D519D /* Morse */;
			targetProxy = 7F1E35491A5AE782008D519D /* PBXContainerItemProxy */;
		};
/* End PBXTargetDependency section */

/* Begin PBXVariantGroup section */
		7F1E353C1A5AE782008D519D /* Main.storyboard */ = {
			isa = PBXVariantGroup;
			children = (
				7F1E353D1A5AE782008D519D /* Base */,
			);
			name = Main.storyboard;
			sourceTree = "<group>";
		};
		7F1E35411A5AE782008D519D /* LaunchScreen.xib */ = {
			isa = PBXVariantGroup;
			children = (
				7F1E35421A5AE782008D519D /* Base */,
			);
			name = LaunchScreen.xib;
			sourceTree = "<group>";
		};
/* End PBXVariantGroup section */

/* Begin XCBuildConfiguration section */
		7F1E35501A5AE782008D519D /* Debug */ = {
			isa = XCBuildConfiguration;
			buildSettings = {
				ALWAYS_SEARCH_USER_PATHS = NO;
				CLANG_CXX_LANGUAGE_STANDARD = "gnu++0x";
				CLANG_CXX_LIBRARY = "libc++";
				CLANG_ENABLE_MODULES = YES;
				CLANG_ENABLE_OBJC_ARC = YES;
				CLANG_WARN_BOOL_CONVERSION = YES;
				CLANG_WARN_CONSTANT_CONVERSION = YES;
				CLANG_WARN_DIRECT_OBJC_ISA_USAGE = YES_ERROR;
				CLANG_WARN_EMPTY_BODY = YES;
				CLANG_WARN_ENUM_CONVERSION = YES;
				CLANG_WARN_INT_CONVERSION = YES;
				CLANG_WARN_OBJC_ROOT_CLASS = YES_ERROR;
				CLANG_WARN_UNREACHABLE_CODE = YES;
				CLANG_WARN__DUPLICATE_METHOD_MATCH = YES;
				"CODE_SIGN_IDENTITY[sdk=iphoneos*]" = "iPhone Developer";
				COPY_PHASE_STRIP = NO;
				ENABLE_STRICT_OBJC_MSGSEND = YES;
				GCC_C_LANGUAGE_STANDARD = gnu99;
				GCC_DYNAMIC_NO_PIC = NO;
				GCC_OPTIMIZATION_LEVEL = 0;
				GCC_PREPROCESSOR_DEFINITIONS = (
					"DEBUG=1",
					"$(inherited)",
				);
				GCC_SYMBOLS_PRIVATE_EXTERN = NO;
				GCC_WARN_64_TO_32_BIT_CONVERSION = YES;
				GCC_WARN_ABOUT_RETURN_TYPE = YES_ERROR;
				GCC_WARN_UNDECLARED_SELECTOR = YES;
				GCC_WARN_UNINITIALIZED_AUTOS = YES_AGGRESSIVE;
				GCC_WARN_UNUSED_FUNCTION = YES;
				GCC_WARN_UNUSED_VARIABLE = YES;
				IPHONEOS_DEPLOYMENT_TARGET = 8.0;
				MTL_ENABLE_DEBUG_INFO = YES;
				ONLY_ACTIVE_ARCH = YES;
				SDKROOT = iphoneos;
				TARGETED_DEVICE_FAMILY = "1,2";
			};
			name = Debug;
		};
		7F1E35511A5AE782008D519D /* Release */ = {
			isa = XCBuildConfiguration;
			buildSettings = {
				ALWAYS_SEARCH_USER_PATHS = NO;
				CLANG_CXX_LANGUAGE_STANDARD = "gnu++0x";
				CLANG_CXX_LIBRARY = "libc++";
				CLANG_ENABLE_MODULES = YES;
				CLANG_ENABLE_OBJC_ARC = YES;
				CLANG_WARN_BOOL_CONVERSION = YES;
				CLANG_WARN_CONSTANT_CONVERSION = YES;
				CLANG_WARN_DIRECT_OBJC_ISA_USAGE = YES_ERROR;
				CLANG_WARN_EMPTY_BODY = YES;
				CLANG_WARN_ENUM_CONVERSION = YES;
				CLANG_WARN_INT_CONVERSION = YES;
				CLANG_WARN_OBJC_ROOT_CLASS = YES_ERROR;
				CLANG_WARN_UNREACHABLE_CODE = YES;
				CLANG_WARN__DUPLICATE_METHOD_MATCH = YES;
				"CODE_SIGN_IDENTITY[sdk=iphoneos*]" = "iPhone Developer";
				COPY_PHASE_STRIP = YES;
				ENABLE_NS_ASSERTIONS = NO;
				ENABLE_STRICT_OBJC_MSGSEND = YES;
				GCC_C_LANGUAGE_STANDARD = gnu99;
				GCC_WARN_64_TO_32_BIT_CONVERSION = YES;
				GCC_WARN_ABOUT_RETURN_TYPE = YES_ERROR;
				GCC_WARN_UNDECLARED_SELECTOR = YES;
				GCC_WARN_UNINITIALIZED_AUTOS = YES_AGGRESSIVE;
				GCC_WARN_UNUSED_FUNCTION = YES;
				GCC_WARN_UNUSED_VARIABLE = YES;
				IPHONEOS_DEPLOYMENT_TARGET = 8.0;
				MTL_ENABLE_DEBUG_INFO = NO;
				SDKROOT = iphoneos;
				TARGETED_DEVICE_FAMILY = "1,2";
				VALIDATE_PRODUCT = YES;
			};
			name = Release;
		};
		7F1E35531A5AE782008D519D /* Debug */ = {
			isa = XCBuildConfiguration;
			buildSettings = {
				ASSETCATALOG_COMPILER_APPICON_NAME = AppIcon;
				ASSETCATALOG_COMPILER_LAUNCHIMAGE_NAME = LaunchImage;
				CODE_SIGN_IDENTITY = "iPhone Developer";
				"CODE_SIGN_IDENTITY[sdk=iphoneos*]" = "iPhone Developer";
				INFOPLIST_FILE = Morse/Info.plist;
				IPHONEOS_DEPLOYMENT_TARGET = 8.1;
				LD_RUNPATH_SEARCH_PATHS = "$(inherited) @executable_path/Frameworks";
				PRODUCT_NAME = "$(TARGET_NAME)";
				PROVISIONING_PROFILE = "";
			};
			name = Debug;
		};
		7F1E35541A5AE782008D519D /* Release */ = {
			isa = XCBuildConfiguration;
			buildSettings = {
				ASSETCATALOG_COMPILER_APPICON_NAME = AppIcon;
				ASSETCATALOG_COMPILER_LAUNCHIMAGE_NAME = LaunchImage;
				CODE_SIGN_IDENTITY = "iPhone Developer";
				"CODE_SIGN_IDENTITY[sdk=iphoneos*]" = "iPhone Developer";
				INFOPLIST_FILE = Morse/Info.plist;
				IPHONEOS_DEPLOYMENT_TARGET = 8.1;
				LD_RUNPATH_SEARCH_PATHS = "$(inherited) @executable_path/Frameworks";
				PRODUCT_NAME = "$(TARGET_NAME)";
				PROVISIONING_PROFILE = "";
			};
			name = Release;
		};
		7F1E35561A5AE782008D519D /* Debug */ = {
			isa = XCBuildConfiguration;
			buildSettings = {
				BUNDLE_LOADER = "$(TEST_HOST)";
				FRAMEWORK_SEARCH_PATHS = (
					"$(SDKROOT)/Developer/Library/Frameworks",
					"$(inherited)",
				);
				GCC_PREPROCESSOR_DEFINITIONS = (
					"DEBUG=1",
					"$(inherited)",
				);
				INFOPLIST_FILE = MorseTests/Info.plist;
				LD_RUNPATH_SEARCH_PATHS = "$(inherited) @executable_path/Frameworks @loader_path/Frameworks";
				PRODUCT_NAME = "$(TARGET_NAME)";
				TEST_HOST = "$(BUILT_PRODUCTS_DIR)/Morse.app/Morse";
			};
			name = Debug;
		};
		7F1E35571A5AE782008D519D /* Release */ = {
			isa = XCBuildConfiguration;
			buildSettings = {
				BUNDLE_LOADER = "$(TEST_HOST)";
				FRAMEWORK_SEARCH_PATHS = (
					"$(SDKROOT)/Developer/Library/Frameworks",
					"$(inherited)",
				);
				INFOPLIST_FILE = MorseTests/Info.plist;
				LD_RUNPATH_SEARCH_PATHS = "$(inherited) @executable_path/Frameworks @loader_path/Frameworks";
				PRODUCT_NAME = "$(TARGET_NAME)";
				TEST_HOST = "$(BUILT_PRODUCTS_DIR)/Morse.app/Morse";
			};
			name = Release;
		};
/* End XCBuildConfiguration section */

/* Begin XCConfigurationList section */
		7F1E35271A5AE782008D519D /* Build configuration list for PBXProject "Morse" */ = {
			isa = XCConfigurationList;
			buildConfigurations = (
				7F1E35501A5AE782008D519D /* Debug */,
				7F1E35511A5AE782008D519D /* Release */,
			);
			defaultConfigurationIsVisible = 0;
			defaultConfigurationName = Release;
		};
		7F1E35521A5AE782008D519D /* Build configuration list for PBXNativeTarget "Morse" */ = {
			isa = XCConfigurationList;
			buildConfigurations = (
				7F1E35531A5AE782008D519D /* Debug */,
				7F1E35541A5AE782008D519D /* Release */,
			);
			defaultConfigurationIsVisible = 0;
			defaultConfigurationName = Release;
		};
		7F1E35551A5AE782008D519D /* Build configuration list for PBXNativeTarget "MorseTests" */ = {
			isa = XCConfigurationList;
			buildConfigurations = (
				7F1E35561A5AE782008D519D /* Debug */,
				7F1E35571A5AE782008D519D /* Release */,
			);
			defaultConfigurationIsVisible = 0;
			defaultConfigurationName = Release;
		};
/* End XCConfigurationList section */

/* Begin XCVersionGroup section */
		7F1E35361A5AE782008D519D /* Morse.xcdatamodeld */ = {
			isa = XCVersionGroup;
			children = (
				7F1E35371A5AE782008D519D /* Morse.xcdatamodel */,
			);
			currentVersion = 7F1E35371A5AE782008D519D /* Morse.xcdatamodel */;
			path = Morse.xcdatamodeld;
			sourceTree = "<group>";
			versionGroupType = wrapper.xcdatamodel;
		};
/* End XCVersionGroup section */
	};
	rootObject = 7F1E35241A5AE782008D519D /* Project object */;
}
